
Microsoft Visual Studio Solution File, Format Version 12.00
# Visual Studio 15
VisualStudioVersion = 15.0.26730.12
MinimumVisualStudioVersion = 10.0.40219.1
Project("{FAE04EC0-301F-11D3-BF4B-00C04F79EFBC}") = "V4-Jehlicka-Matej-4", "V4-Jehlicka-Matej-4\V4-Jehlicka-Matej-4.csproj", "{B77993D2-32E9-47D8-8AAD-7C306BA8A7DA}"
EndProject
Global
	GlobalSection(SolutionConfigurationPlatforms) = preSolution
		Debug|Any CPU = Debug|Any CPU
		Release|Any CPU = Release|Any CPU
	EndGlobalSection
	GlobalSection(ProjectConfigurationPlatforms) = postSolution
		{B77993D2-32E9-47D8-8AAD-7C306BA8A7DA}.Debug|Any CPU.ActiveCfg = Debug|Any CPU
		{B77993D2-32E9-47D8-8AAD-7C306BA8A7DA}.Debug|Any CPU.Build.0 = Debug|Any CPU
		{B77993D2-32E9-47D8-8AAD-7C306BA8A7DA}.Release|Any CPU.ActiveCfg = Release|Any CPU
		{B77993D2-32E9-47D8-8AAD-7C306BA8A7DA}.Release|Any CPU.Build.0 = Release|Any CPU
	EndGlobalSection
	GlobalSection(SolutionProperties) = preSolution
		HideSolutionNode = FALSE
	EndGlobalSection
	GlobalSection(ExtensibilityGlobals) = postSolution
		SolutionGuid = {2E835AB6-3ACB-4334-ADE3-0200B034541B}
	EndGlobalSection
EndGlobal
